{
  "pins" : [
    {
      "identity" : "swift-mobile-sdk",
      "kind" : "remoteSourceControl",
      "location" : "https://github.com/Dynatrace/swift-mobile-sdk",
      "state" : {
        "branch" : "main",
        "revision" : "394ffcf717ee58adadc71f8669e09878b28f5d21"
      }
    }
  ],
  "version" : 2
}
